
Microsoft Visual Studio Solution File, Format Version 12.00
Project("{2150E333-8FDC-42A3-9474-1A3956D46DE8}") = "src", "src", "{5C43578D-EF87-4412-BBEA-FACAF6EF4956}"
EndProject
Project("{2150E333-8FDC-42A3-9474-1A3956D46DE8}") = "tests", "tests", "{46132D47-885B-4BD0-B730-94045183A7DC}"
EndProject
Project("{FAE04EC0-301F-11D3-BF4B-00C04F79EFBC}") = "Shelfie.Api.Users", "src\Shelfie.Api.Users\Shelfie.Api.Users.csproj", "{116A1720-9A80-48E3-8AD0-234BBB58014F}"
EndProject
Project("{FAE04EC0-301F-11D3-BF4B-00C04F79EFBC}") = "Shelfie.Api.Users.Tests", "tests\Shelfie.Api.Users.Tests\Shelfie.Api.Users.Tests.csproj", "{3F684D5B-ECE7-427B-BF33-A73F987CD550}"
EndProject
Project("{2150E333-8FDC-42A3-9474-1A3956D46DE8}") = "common", "common", "{1398E56B-0E3A-4FEA-908B-41C6587B76C5}"
	ProjectSection(SolutionItems) = preProject
		README.md = README.md
		.gitignore = .gitignore
		gitlab-ci.yml = gitlab-ci.yml
	EndProjectSection
EndProject
Project("{FAE04EC0-301F-11D3-BF4B-00C04F79EFBC}") = "Shelfie.Api.Users.DataAccess", "src\Shelfie.Api.Users.DataAccess\Shelfie.Api.Users.DataAccess.csproj", "{D505EDDB-7609-44B0-87BF-D57268EE7B1B}"
EndProject
Project("{FAE04EC0-301F-11D3-BF4B-00C04F79EFBC}") = "Shelfie.Api.Users.Models", "src\Shelfie.Api.Users.Models\Shelfie.Api.Users.Models.csproj", "{C0E74F9A-ADD9-4B6E-96DA-0A31BD2193C5}"
EndProject
Project("{2150E333-8FDC-42A3-9474-1A3956D46DE8}") = "Shelfie.Api.Users", "Shelfie.Api.Users", "{B74AA038-37BB-4936-9080-C4734753CE1A}"
EndProject
Project("{2150E333-8FDC-42A3-9474-1A3956D46DE8}") = "Shelfie.Libs", "Shelfie.Libs", "{872567EC-A6D7-426E-8FD8-521257CF3BB8}"
EndProject
Project("{FAE04EC0-301F-11D3-BF4B-00C04F79EFBC}") = "Shelfie.Libs.Common", "src\Shelfie.Libs.Common\Shelfie.Libs.Common.csproj", "{03988B64-1BC5-4EC2-9B3D-9F987A963406}"
EndProject
Project("{FAE04EC0-301F-11D3-BF4B-00C04F79EFBC}") = "Shelfie.Libs.Postgres", "src\Shelfie.Libs.Postgres\Shelfie.Libs.Postgres.csproj", "{D8C537D2-7B7D-4078-8524-8ED328739874}"
EndProject
Project("{FAE04EC0-301F-11D3-BF4B-00C04F79EFBC}") = "Shelfie.Api", "src\Shelfie.Api\Shelfie.Api.csproj", "{FCF49A2D-D16D-4DDD-848F-59A427AEA9B6}"
EndProject
Project("{2150E333-8FDC-42A3-9474-1A3956D46DE8}") = "Shelfie.Api.Books", "Shelfie.Api.Books", "{52F4AF09-A0D1-445D-AB67-52BA214EF78A}"
EndProject
Project("{FAE04EC0-301F-11D3-BF4B-00C04F79EFBC}") = "Shelfie.Api.Books", "src\Shelfie.Api.Books\Shelfie.Api.Books.csproj", "{413CFD47-B993-4A76-A590-AC45C6F40145}"
EndProject
Project("{2150E333-8FDC-42A3-9474-1A3956D46DE8}") = "Shelfie.Api.Interactions", "Shelfie.Api.Interactions", "{6C77A868-527E-44A5-A4F7-8288C5745DF8}"
EndProject
Project("{FAE04EC0-301F-11D3-BF4B-00C04F79EFBC}") = "Shelfie.Api.Interactions", "src\Shelfie.Api.Interactions\Shelfie.Api.Interactions.csproj", "{2AA093E7-D4A2-4AE6-94B7-F982B1C5D6EA}"
EndProject
Project("{FAE04EC0-301F-11D3-BF4B-00C04F79EFBC}") = "Shelfie.Api.Interactions.Models", "src\Shelfie.Api.Interactions.Models\Shelfie.Api.Interactions.Models.csproj", "{8059F330-B21E-4D87-9742-3666A3D6480E}"
EndProject
Project("{FAE04EC0-301F-11D3-BF4B-00C04F79EFBC}") = "Shelfie.Api.Interactions.DataAccess", "src\Shelfie.Api.Interactions.DataAccess\Shelfie.Api.Interactions.DataAccess.csproj", "{C6C5F952-5501-42E9-AB82-647E31E062B0}"
EndProject
Project("{FAE04EC0-301F-11D3-BF4B-00C04F79EFBC}") = "Shelfie.Api.Books.DataAccess", "src\Shelfie.Api.Books.DataAccess\Shelfie.Api.Books.DataAccess.csproj", "{9B757CA4-32F9-4D74-B70F-5345A5BC9C3A}"
EndProject
Project("{FAE04EC0-301F-11D3-BF4B-00C04F79EFBC}") = "Shelfie.Api.Books.Models", "src\Shelfie.Api.Books.Models\Shelfie.Api.Books.Models.csproj", "{43F67D0F-FC9D-4DFA-A9F7-950CB5409E8E}"
EndProject
Project("{2150E333-8FDC-42A3-9474-1A3956D46DE8}") = "Shelfie.Api.Shelves", "Shelfie.Api.Shelves", "{A2366DED-08E7-48D0-851E-01571ECA85DF}"
EndProject
Project("{FAE04EC0-301F-11D3-BF4B-00C04F79EFBC}") = "Shelfie.Api.Shelves", "src\Shelfie.Api.Shelves\Shelfie.Api.Shelves.csproj", "{728F1DD2-41CA-43DB-81CB-305AA7F2213F}"
EndProject
Project("{FAE04EC0-301F-11D3-BF4B-00C04F79EFBC}") = "Shelfie.Api.Shelves.DataAccess", "src\Shelfie.Api.Shelves.DataAccess\Shelfie.Api.Shelves.DataAccess.csproj", "{FB5A032B-03EF-40AC-9AF4-32DBBA5DA07E}"
EndProject
Project("{FAE04EC0-301F-11D3-BF4B-00C04F79EFBC}") = "Shelfie.Api.Shelves.Models", "src\Shelfie.Api.Shelves.Models\Shelfie.Api.Shelves.Models.csproj", "{6B06ECEC-9DBD-4105-A4B7-7FE375432417}"
EndProject
Global
	GlobalSection(SolutionConfigurationPlatforms) = preSolution
		Debug|Any CPU = Debug|Any CPU
		Release|Any CPU = Release|Any CPU
	EndGlobalSection
	GlobalSection(NestedProjects) = preSolution
		{3F684D5B-ECE7-427B-BF33-A73F987CD550} = {46132D47-885B-4BD0-B730-94045183A7DC}
		{B74AA038-37BB-4936-9080-C4734753CE1A} = {5C43578D-EF87-4412-BBEA-FACAF6EF4956}
		{116A1720-9A80-48E3-8AD0-234BBB58014F} = {B74AA038-37BB-4936-9080-C4734753CE1A}
		{D505EDDB-7609-44B0-87BF-D57268EE7B1B} = {B74AA038-37BB-4936-9080-C4734753CE1A}
		{C0E74F9A-ADD9-4B6E-96DA-0A31BD2193C5} = {B74AA038-37BB-4936-9080-C4734753CE1A}
		{872567EC-A6D7-426E-8FD8-521257CF3BB8} = {5C43578D-EF87-4412-BBEA-FACAF6EF4956}
		{03988B64-1BC5-4EC2-9B3D-9F987A963406} = {872567EC-A6D7-426E-8FD8-521257CF3BB8}
		{D8C537D2-7B7D-4078-8524-8ED328739874} = {872567EC-A6D7-426E-8FD8-521257CF3BB8}
		{FCF49A2D-D16D-4DDD-848F-59A427AEA9B6} = {5C43578D-EF87-4412-BBEA-FACAF6EF4956}
		{52F4AF09-A0D1-445D-AB67-52BA214EF78A} = {5C43578D-EF87-4412-BBEA-FACAF6EF4956}
		{413CFD47-B993-4A76-A590-AC45C6F40145} = {52F4AF09-A0D1-445D-AB67-52BA214EF78A}
		{6C77A868-527E-44A5-A4F7-8288C5745DF8} = {5C43578D-EF87-4412-BBEA-FACAF6EF4956}
		{2AA093E7-D4A2-4AE6-94B7-F982B1C5D6EA} = {6C77A868-527E-44A5-A4F7-8288C5745DF8}
		{8059F330-B21E-4D87-9742-3666A3D6480E} = {6C77A868-527E-44A5-A4F7-8288C5745DF8}
		{C6C5F952-5501-42E9-AB82-647E31E062B0} = {6C77A868-527E-44A5-A4F7-8288C5745DF8}
		{9B757CA4-32F9-4D74-B70F-5345A5BC9C3A} = {52F4AF09-A0D1-445D-AB67-52BA214EF78A}
		{43F67D0F-FC9D-4DFA-A9F7-950CB5409E8E} = {52F4AF09-A0D1-445D-AB67-52BA214EF78A}
		{A2366DED-08E7-48D0-851E-01571ECA85DF} = {5C43578D-EF87-4412-BBEA-FACAF6EF4956}
		{728F1DD2-41CA-43DB-81CB-305AA7F2213F} = {A2366DED-08E7-48D0-851E-01571ECA85DF}
		{FB5A032B-03EF-40AC-9AF4-32DBBA5DA07E} = {A2366DED-08E7-48D0-851E-01571ECA85DF}
		{6B06ECEC-9DBD-4105-A4B7-7FE375432417} = {A2366DED-08E7-48D0-851E-01571ECA85DF}
	EndGlobalSection
	GlobalSection(ProjectConfigurationPlatforms) = postSolution
		{116A1720-9A80-48E3-8AD0-234BBB58014F}.Debug|Any CPU.ActiveCfg = Debug|Any CPU
		{116A1720-9A80-48E3-8AD0-234BBB58014F}.Debug|Any CPU.Build.0 = Debug|Any CPU
		{116A1720-9A80-48E3-8AD0-234BBB58014F}.Release|Any CPU.ActiveCfg = Release|Any CPU
		{116A1720-9A80-48E3-8AD0-234BBB58014F}.Release|Any CPU.Build.0 = Release|Any CPU
		{3F684D5B-ECE7-427B-BF33-A73F987CD550}.Debug|Any CPU.ActiveCfg = Debug|Any CPU
		{3F684D5B-ECE7-427B-BF33-A73F987CD550}.Debug|Any CPU.Build.0 = Debug|Any CPU
		{3F684D5B-ECE7-427B-BF33-A73F987CD550}.Release|Any CPU.ActiveCfg = Release|Any CPU
		{3F684D5B-ECE7-427B-BF33-A73F987CD550}.Release|Any CPU.Build.0 = Release|Any CPU
		{D505EDDB-7609-44B0-87BF-D57268EE7B1B}.Debug|Any CPU.ActiveCfg = Debug|Any CPU
		{D505EDDB-7609-44B0-87BF-D57268EE7B1B}.Debug|Any CPU.Build.0 = Debug|Any CPU
		{D505EDDB-7609-44B0-87BF-D57268EE7B1B}.Release|Any CPU.ActiveCfg = Release|Any CPU
		{D505EDDB-7609-44B0-87BF-D57268EE7B1B}.Release|Any CPU.Build.0 = Release|Any CPU
		{C0E74F9A-ADD9-4B6E-96DA-0A31BD2193C5}.Debug|Any CPU.ActiveCfg = Debug|Any CPU
		{C0E74F9A-ADD9-4B6E-96DA-0A31BD2193C5}.Debug|Any CPU.Build.0 = Debug|Any CPU
		{C0E74F9A-ADD9-4B6E-96DA-0A31BD2193C5}.Release|Any CPU.ActiveCfg = Release|Any CPU
		{C0E74F9A-ADD9-4B6E-96DA-0A31BD2193C5}.Release|Any CPU.Build.0 = Release|Any CPU
		{03988B64-1BC5-4EC2-9B3D-9F987A963406}.Debug|Any CPU.ActiveCfg = Debug|Any CPU
		{03988B64-1BC5-4EC2-9B3D-9F987A963406}.Debug|Any CPU.Build.0 = Debug|Any CPU
		{03988B64-1BC5-4EC2-9B3D-9F987A963406}.Release|Any CPU.ActiveCfg = Release|Any CPU
		{03988B64-1BC5-4EC2-9B3D-9F987A963406}.Release|Any CPU.Build.0 = Release|Any CPU
		{D8C537D2-7B7D-4078-8524-8ED328739874}.Debug|Any CPU.ActiveCfg = Debug|Any CPU
		{D8C537D2-7B7D-4078-8524-8ED328739874}.Debug|Any CPU.Build.0 = Debug|Any CPU
		{D8C537D2-7B7D-4078-8524-8ED328739874}.Release|Any CPU.ActiveCfg = Release|Any CPU
		{D8C537D2-7B7D-4078-8524-8ED328739874}.Release|Any CPU.Build.0 = Release|Any CPU
		{FCF49A2D-D16D-4DDD-848F-59A427AEA9B6}.Debug|Any CPU.ActiveCfg = Debug|Any CPU
		{FCF49A2D-D16D-4DDD-848F-59A427AEA9B6}.Debug|Any CPU.Build.0 = Debug|Any CPU
		{FCF49A2D-D16D-4DDD-848F-59A427AEA9B6}.Release|Any CPU.ActiveCfg = Release|Any CPU
		{FCF49A2D-D16D-4DDD-848F-59A427AEA9B6}.Release|Any CPU.Build.0 = Release|Any CPU
		{413CFD47-B993-4A76-A590-AC45C6F40145}.Debug|Any CPU.ActiveCfg = Debug|Any CPU
		{413CFD47-B993-4A76-A590-AC45C6F40145}.Debug|Any CPU.Build.0 = Debug|Any CPU
		{413CFD47-B993-4A76-A590-AC45C6F40145}.Release|Any CPU.ActiveCfg = Release|Any CPU
		{413CFD47-B993-4A76-A590-AC45C6F40145}.Release|Any CPU.Build.0 = Release|Any CPU
		{2AA093E7-D4A2-4AE6-94B7-F982B1C5D6EA}.Debug|Any CPU.ActiveCfg = Debug|Any CPU
		{2AA093E7-D4A2-4AE6-94B7-F982B1C5D6EA}.Debug|Any CPU.Build.0 = Debug|Any CPU
		{2AA093E7-D4A2-4AE6-94B7-F982B1C5D6EA}.Release|Any CPU.ActiveCfg = Release|Any CPU
		{2AA093E7-D4A2-4AE6-94B7-F982B1C5D6EA}.Release|Any CPU.Build.0 = Release|Any CPU
		{8059F330-B21E-4D87-9742-3666A3D6480E}.Debug|Any CPU.ActiveCfg = Debug|Any CPU
		{8059F330-B21E-4D87-9742-3666A3D6480E}.Debug|Any CPU.Build.0 = Debug|Any CPU
		{8059F330-B21E-4D87-9742-3666A3D6480E}.Release|Any CPU.ActiveCfg = Release|Any CPU
		{8059F330-B21E-4D87-9742-3666A3D6480E}.Release|Any CPU.Build.0 = Release|Any CPU
		{C6C5F952-5501-42E9-AB82-647E31E062B0}.Debug|Any CPU.ActiveCfg = Debug|Any CPU
		{C6C5F952-5501-42E9-AB82-647E31E062B0}.Debug|Any CPU.Build.0 = Debug|Any CPU
		{C6C5F952-5501-42E9-AB82-647E31E062B0}.Release|Any CPU.ActiveCfg = Release|Any CPU
		{C6C5F952-5501-42E9-AB82-647E31E062B0}.Release|Any CPU.Build.0 = Release|Any CPU
		{9B757CA4-32F9-4D74-B70F-5345A5BC9C3A}.Debug|Any CPU.ActiveCfg = Debug|Any CPU
		{9B757CA4-32F9-4D74-B70F-5345A5BC9C3A}.Debug|Any CPU.Build.0 = Debug|Any CPU
		{9B757CA4-32F9-4D74-B70F-5345A5BC9C3A}.Release|Any CPU.ActiveCfg = Release|Any CPU
		{9B757CA4-32F9-4D74-B70F-5345A5BC9C3A}.Release|Any CPU.Build.0 = Release|Any CPU
		{43F67D0F-FC9D-4DFA-A9F7-950CB5409E8E}.Debug|Any CPU.ActiveCfg = Debug|Any CPU
		{43F67D0F-FC9D-4DFA-A9F7-950CB5409E8E}.Debug|Any CPU.Build.0 = Debug|Any CPU
		{43F67D0F-FC9D-4DFA-A9F7-950CB5409E8E}.Release|Any CPU.ActiveCfg = Release|Any CPU
		{43F67D0F-FC9D-4DFA-A9F7-950CB5409E8E}.Release|Any CPU.Build.0 = Release|Any CPU
		{728F1DD2-41CA-43DB-81CB-305AA7F2213F}.Debug|Any CPU.ActiveCfg = Debug|Any CPU
		{728F1DD2-41CA-43DB-81CB-305AA7F2213F}.Debug|Any CPU.Build.0 = Debug|Any CPU
		{728F1DD2-41CA-43DB-81CB-305AA7F2213F}.Release|Any CPU.ActiveCfg = Release|Any CPU
		{728F1DD2-41CA-43DB-81CB-305AA7F2213F}.Release|Any CPU.Build.0 = Release|Any CPU
		{FB5A032B-03EF-40AC-9AF4-32DBBA5DA07E}.Debug|Any CPU.ActiveCfg = Debug|Any CPU
		{FB5A032B-03EF-40AC-9AF4-32DBBA5DA07E}.Debug|Any CPU.Build.0 = Debug|Any CPU
		{FB5A032B-03EF-40AC-9AF4-32DBBA5DA07E}.Release|Any CPU.ActiveCfg = Release|Any CPU
		{FB5A032B-03EF-40AC-9AF4-32DBBA5DA07E}.Release|Any CPU.Build.0 = Release|Any CPU
		{6B06ECEC-9DBD-4105-A4B7-7FE375432417}.Debug|Any CPU.ActiveCfg = Debug|Any CPU
		{6B06ECEC-9DBD-4105-A4B7-7FE375432417}.Debug|Any CPU.Build.0 = Debug|Any CPU
		{6B06ECEC-9DBD-4105-A4B7-7FE375432417}.Release|Any CPU.ActiveCfg = Release|Any CPU
		{6B06ECEC-9DBD-4105-A4B7-7FE375432417}.Release|Any CPU.Build.0 = Release|Any CPU
	EndGlobalSection
EndGlobal
